// !$*UTF8*$!
{
	archiveVersion = 1;
	classes = {
	};
	objectVersion = 56;
	objects = {

/* Begin PBXBuildFile section */
		B6BF355E2BBF5D99002A34D1 /* dialdiverApp.swift in Sources */ = {isa = PBXBuildFile; fileRef = B6BF355D2BBF5D99002A34D1 /* dialdiverApp.swift */; };
		B6BF35602BBF5D99002A34D1 /* ContentView.swift in Sources */ = {isa = PBXBuildFile; fileRef = B6BF355F2BBF5D99002A34D1 /* ContentView.swift */; };
		B6BF35622BBF5D9A002A34D1 /* Assets.xcassets in Resources */ = {isa = PBXBuildFile; fileRef = B6BF35612BBF5D9A002A34D1 /* Assets.xcassets */; };
		B6BF35652BBF5D9A002A34D1 /* Preview Assets.xcassets in Resources */ = {isa = PBXBuildFile; fileRef = B6BF35642BBF5D9A002A34D1 /* Preview Assets.xcassets */; };
		B6BF356F2BBF5D9B002A34D1 /* dialdiverTests.swift in Sources */ = {isa = PBXBuildFile; fileRef = B6BF356E2BBF5D9B002A34D1 /* dialdiverTests.swift */; };
		B6BF35792BBF5D9B002A34D1 /* dialdiverUITests.swift in Sources */ = {isa = PBXBuildFile; fileRef = B6BF35782BBF5D9B002A34D1 /* dialdiverUITests.swift */; };
		B6BF357B2BBF5D9B002A34D1 /* dialdiverUITestsLaunchTests.swift in Sources */ = {isa = PBXBuildFile; fileRef = B6BF357A2BBF5D9B002A34D1 /* dialdiverUITestsLaunchTests.swift */; };
		B6BF358C2BC2F2FC002A34D1 /* ApiService.swift in Sources */ = {isa = PBXBuildFile; fileRef = B6BF358B2BC2F2FC002A34D1 /* ApiService.swift */; };
		B6BF358E2BC2F31F002A34D1 /* SomeDataModel.swift in Sources */ = {isa = PBXBuildFile; fileRef = B6BF358D2BC2F31F002A34D1 /* SomeDataModel.swift */; };
		B6BF35972BC34C86002A34D1 /* ClashDisplayRegular.otf in Resources */ = {isa = PBXBuildFile; fileRef = B6BF35912BC34C86002A34D1 /* ClashDisplayRegular.otf */; };
		B6BF35982BC34C86002A34D1 /* ClashDisplayBold.otf in Resources */ = {isa = PBXBuildFile; fileRef = B6BF35922BC34C86002A34D1 /* ClashDisplayBold.otf */; };
		B6BF35992BC34C86002A34D1 /* ClashDisplayLight.otf in Resources */ = {isa = PBXBuildFile; fileRef = B6BF35932BC34C86002A34D1 /* ClashDisplayLight.otf */; };
		B6BF359A2BC34C86002A34D1 /* ClashDisplayExtralight.otf in Resources */ = {isa = PBXBuildFile; fileRef = B6BF35942BC34C86002A34D1 /* ClashDisplayExtralight.otf */; };
		B6BF359B2BC34C86002A34D1 /* ClashDisplayMedium.otf in Resources */ = {isa = PBXBuildFile; fileRef = B6BF35952BC34C86002A34D1 /* ClashDisplayMedium.otf */; };
		B6BF359C2BC34C86002A34D1 /* ClashDisplaySemibold.otf in Resources */ = {isa = PBXBuildFile; fileRef = B6BF35962BC34C86002A34D1 /* ClashDisplaySemibold.otf */; };
		B6BF35B02BDA8543002A34D1 /* LoginView.swift in Sources */ = {isa = PBXBuildFile; fileRef = B6BF35AF2BDA8543002A34D1 /* LoginView.swift */; };
		B6BF35B32BDA8564002A34D1 /* RegisterView.swift in Sources */ = {isa = PBXBuildFile; fileRef = B6BF35B22BDA8564002A34D1 /* RegisterView.swift */; };
		B6BF35B52BDA873F002A34D1 /* CustomTextField.swift in Sources */ = {isa = PBXBuildFile; fileRef = B6BF35B42BDA873F002A34D1 /* CustomTextField.swift */; };
		B6BF35B72BDA8AAD002A34D1 /* CustomButton.swift in Sources */ = {isa = PBXBuildFile; fileRef = B6BF35B62BDA8AAD002A34D1 /* CustomButton.swift */; };
		B6BF35B92BDA91D0002A34D1 /* HeaderDetails.swift in Sources */ = {isa = PBXBuildFile; fileRef = B6BF35B82BDA91D0002A34D1 /* HeaderDetails.swift */; };
		B6BF35BC2BDACAB1002A34D1 /* ProfileView.swift in Sources */ = {isa = PBXBuildFile; fileRef = B6BF35BB2BDACAB1002A34D1 /* ProfileView.swift */; };
		B6BF35BE2BDB01AA002A34D1 /* SettingsRowView.swift in Sources */ = {isa = PBXBuildFile; fileRef = B6BF35BD2BDB01AA002A34D1 /* SettingsRowView.swift */; };
		B6BF35C02BDB0950002A34D1 /* HomeView.swift in Sources */ = {isa = PBXBuildFile; fileRef = B6BF35BF2BDB0950002A34D1 /* HomeView.swift */; };
		B6BF35C32BDB0977002A34D1 /* NotificationView.swift in Sources */ = {isa = PBXBuildFile; fileRef = B6BF35C22BDB0977002A34D1 /* NotificationView.swift */; };
		B6BF35C52BDB0EC2002A34D1 /* UserModel.swift in Sources */ = {isa = PBXBuildFile; fileRef = B6BF35C42BDB0EC2002A34D1 /* UserModel.swift */; };
		B6BF35C92BDB12E0002A34D1 /* AuthViewModel.swift in Sources */ = {isa = PBXBuildFile; fileRef = B6BF35C82BDB12E0002A34D1 /* AuthViewModel.swift */; };
		B6BF35CB2BDD1980002A34D1 /* .gitignore in Resources */ = {isa = PBXBuildFile; fileRef = B6BF35CA2BDD1980002A34D1 /* .gitignore */; };
		B6BF35CD2BDD19C1002A34D1 /* BottomNavBar.swift in Sources */ = {isa = PBXBuildFile; fileRef = B6BF35CC2BDD19C1002A34D1 /* BottomNavBar.swift */; };
		B6BF35D02BE01320002A34D1 /* FavoritesView.swift in Sources */ = {isa = PBXBuildFile; fileRef = B6BF35CF2BE01320002A34D1 /* FavoritesView.swift */; };
		B6BF35D42BE10CF0002A34D1 /* CustomNotification.swift in Sources */ = {isa = PBXBuildFile; fileRef = B6BF35D32BE10CF0002A34D1 /* CustomNotification.swift */; };
		B6BF35D72BE116CD002A34D1 /* ShapeLine.swift in Sources */ = {isa = PBXBuildFile; fileRef = B6BF35D62BE116CD002A34D1 /* ShapeLine.swift */; };
		B6BF35DA2BE11A2B002A34D1 /* NotificationModel.swift in Sources */ = {isa = PBXBuildFile; fileRef = B6BF35D92BE11A2B002A34D1 /* NotificationModel.swift */; };
		B6BF35DC2BE11C49002A34D1 /* CustomProductCard.swift in Sources */ = {isa = PBXBuildFile; fileRef = B6BF35DB2BE11C49002A34D1 /* CustomProductCard.swift */; };
		B6BF35DE2BE12AC5002A34D1 /* SearchBar.swift in Sources */ = {isa = PBXBuildFile; fileRef = B6BF35DD2BE12AC5002A34D1 /* SearchBar.swift */; };
		B6BF35E02BE16322002A34D1 /* ProductModel.swift in Sources */ = {isa = PBXBuildFile; fileRef = B6BF35DF2BE16322002A34D1 /* ProductModel.swift */; };
		B6BF35E22BE269D6002A34D1 /* ProductDetailsView.swift in Sources */ = {isa = PBXBuildFile; fileRef = B6BF35E12BE269D6002A34D1 /* ProductDetailsView.swift */; };
/* End PBXBuildFile section */

/* Begin PBXContainerItemProxy section */
		B6BF356B2BBF5D9B002A34D1 /* PBXContainerItemProxy */ = {
			isa = PBXContainerItemProxy;
			containerPortal = B6BF35522BBF5D99002A34D1 /* Project object */;
			proxyType = 1;
			remoteGlobalIDString = B6BF35592BBF5D99002A34D1;
			remoteInfo = dialdiver;
		};
		B6BF35752BBF5D9B002A34D1 /* PBXContainerItemProxy */ = {
			isa = PBXContainerItemProxy;
			containerPortal = B6BF35522BBF5D99002A34D1 /* Project object */;
			proxyType = 1;
			remoteGlobalIDString = B6BF35592BBF5D99002A34D1;
			remoteInfo = dialdiver;
		};
/* End PBXContainerItemProxy section */

/* Begin PBXFileReference section */
		B6BF355A2BBF5D99002A34D1 /* dialdiver.app */ = {isa = PBXFileReference; explicitFileType = wrapper.application; includeInIndex = 0; path = dialdiver.app; sourceTree = BUILT_PRODUCTS_DIR; };
		B6BF355D2BBF5D99002A34D1 /* dialdiverApp.swift */ = {isa = PBXFileReference; lastKnownFileType = sourcecode.swift; path = dialdiverApp.swift; sourceTree = "<group>"; };
		B6BF355F2BBF5D99002A34D1 /* ContentView.swift */ = {isa = PBXFileReference; lastKnownFileType = sourcecode.swift; path = ContentView.swift; sourceTree = "<group>"; };
		B6BF35612BBF5D9A002A34D1 /* Assets.xcassets */ = {isa = PBXFileReference; lastKnownFileType = folder.assetcatalog; path = Assets.xcassets; sourceTree = "<group>"; };
		B6BF35642BBF5D9A002A34D1 /* Preview Assets.xcassets */ = {isa = PBXFileReference; lastKnownFileType = folder.assetcatalog; path = "Preview Assets.xcassets"; sourceTree = "<group>"; };
		B6BF356A2BBF5D9B002A34D1 /* dialdiverTests.xctest */ = {isa = PBXFileReference; explicitFileType = wrapper.cfbundle; includeInIndex = 0; path = dialdiverTests.xctest; sourceTree = BUILT_PRODUCTS_DIR; };
		B6BF356E2BBF5D9B002A34D1 /* dialdiverTests.swift */ = {isa = PBXFileReference; lastKnownFileType = sourcecode.swift; path = dialdiverTests.swift; sourceTree = "<group>"; };
		B6BF35742BBF5D9B002A34D1 /* dialdiverUITests.xctest */ = {isa = PBXFileReference; explicitFileType = wrapper.cfbundle; includeInIndex = 0; path = dialdiverUITests.xctest; sourceTree = BUILT_PRODUCTS_DIR; };
		B6BF35782BBF5D9B002A34D1 /* dialdiverUITests.swift */ = {isa = PBXFileReference; lastKnownFileType = sourcecode.swift; path = dialdiverUITests.swift; sourceTree = "<group>"; };
		B6BF357A2BBF5D9B002A34D1 /* dialdiverUITestsLaunchTests.swift */ = {isa = PBXFileReference; lastKnownFileType = sourcecode.swift; path = dialdiverUITestsLaunchTests.swift; sourceTree = "<group>"; };
		B6BF358B2BC2F2FC002A34D1 /* ApiService.swift */ = {isa = PBXFileReference; lastKnownFileType = sourcecode.swift; path = ApiService.swift; sourceTree = "<group>"; };
		B6BF358D2BC2F31F002A34D1 /* SomeDataModel.swift */ = {isa = PBXFileReference; lastKnownFileType = sourcecode.swift; path = SomeDataModel.swift; sourceTree = "<group>"; };
		B6BF35912BC34C86002A34D1 /* ClashDisplayRegular.otf */ = {isa = PBXFileReference; lastKnownFileType = file; path = ClashDisplayRegular.otf; sourceTree = "<group>"; };
		B6BF35922BC34C86002A34D1 /* ClashDisplayBold.otf */ = {isa = PBXFileReference; lastKnownFileType = file; path = ClashDisplayBold.otf; sourceTree = "<group>"; };
		B6BF35932BC34C86002A34D1 /* ClashDisplayLight.otf */ = {isa = PBXFileReference; lastKnownFileType = file; path = ClashDisplayLight.otf; sourceTree = "<group>"; };
		B6BF35942BC34C86002A34D1 /* ClashDisplayExtralight.otf */ = {isa = PBXFileReference; lastKnownFileType = file; path = ClashDisplayExtralight.otf; sourceTree = "<group>"; };
		B6BF35952BC34C86002A34D1 /* ClashDisplayMedium.otf */ = {isa = PBXFileReference; lastKnownFileType = file; path = ClashDisplayMedium.otf; sourceTree = "<group>"; };
		B6BF35962BC34C86002A34D1 /* ClashDisplaySemibold.otf */ = {isa = PBXFileReference; lastKnownFileType = file; path = ClashDisplaySemibold.otf; sourceTree = "<group>"; };
		B6BF359D2BC34CBC002A34D1 /* Info.plist */ = {isa = PBXFileReference; lastKnownFileType = text.plist; path = Info.plist; sourceTree = "<group>"; };
		B6BF35AF2BDA8543002A34D1 /* LoginView.swift */ = {isa = PBXFileReference; lastKnownFileType = sourcecode.swift; path = LoginView.swift; sourceTree = "<group>"; };
		B6BF35B22BDA8564002A34D1 /* RegisterView.swift */ = {isa = PBXFileReference; lastKnownFileType = sourcecode.swift; path = RegisterView.swift; sourceTree = "<group>"; };
		B6BF35B42BDA873F002A34D1 /* CustomTextField.swift */ = {isa = PBXFileReference; lastKnownFileType = sourcecode.swift; path = CustomTextField.swift; sourceTree = "<group>"; };
		B6BF35B62BDA8AAD002A34D1 /* CustomButton.swift */ = {isa = PBXFileReference; lastKnownFileType = sourcecode.swift; path = CustomButton.swift; sourceTree = "<group>"; };
		B6BF35B82BDA91D0002A34D1 /* HeaderDetails.swift */ = {isa = PBXFileReference; lastKnownFileType = sourcecode.swift; path = HeaderDetails.swift; sourceTree = "<group>"; };
		B6BF35BB2BDACAB1002A34D1 /* ProfileView.swift */ = {isa = PBXFileReference; lastKnownFileType = sourcecode.swift; path = ProfileView.swift; sourceTree = "<group>"; };
		B6BF35BD2BDB01AA002A34D1 /* SettingsRowView.swift */ = {isa = PBXFileReference; lastKnownFileType = sourcecode.swift; path = SettingsRowView.swift; sourceTree = "<group>"; };
		B6BF35BF2BDB0950002A34D1 /* HomeView.swift */ = {isa = PBXFileReference; lastKnownFileType = sourcecode.swift; path = HomeView.swift; sourceTree = "<group>"; };
		B6BF35C22BDB0977002A34D1 /* NotificationView.swift */ = {isa = PBXFileReference; lastKnownFileType = sourcecode.swift; path = NotificationView.swift; sourceTree = "<group>"; };
		B6BF35C42BDB0EC2002A34D1 /* UserModel.swift */ = {isa = PBXFileReference; lastKnownFileType = sourcecode.swift; path = UserModel.swift; sourceTree = "<group>"; };
		B6BF35C82BDB12E0002A34D1 /* AuthViewModel.swift */ = {isa = PBXFileReference; lastKnownFileType = sourcecode.swift; path = AuthViewModel.swift; sourceTree = "<group>"; };
		B6BF35CA2BDD1980002A34D1 /* .gitignore */ = {isa = PBXFileReference; lastKnownFileType = text; path = .gitignore; sourceTree = "<group>"; };
		B6BF35CC2BDD19C1002A34D1 /* BottomNavBar.swift */ = {isa = PBXFileReference; lastKnownFileType = sourcecode.swift; path = BottomNavBar.swift; sourceTree = "<group>"; };
		B6BF35CF2BE01320002A34D1 /* FavoritesView.swift */ = {isa = PBXFileReference; lastKnownFileType = sourcecode.swift; path = FavoritesView.swift; sourceTree = "<group>"; };
		B6BF35D32BE10CF0002A34D1 /* CustomNotification.swift */ = {isa = PBXFileReference; lastKnownFileType = sourcecode.swift; path = CustomNotification.swift; sourceTree = "<group>"; };
		B6BF35D62BE116CD002A34D1 /* ShapeLine.swift */ = {isa = PBXFileReference; lastKnownFileType = sourcecode.swift; path = ShapeLine.swift; sourceTree = "<group>"; };
		B6BF35D92BE11A2B002A34D1 /* NotificationModel.swift */ = {isa = PBXFileReference; lastKnownFileType = sourcecode.swift; path = NotificationModel.swift; sourceTree = "<group>"; };
		B6BF35DB2BE11C49002A34D1 /* CustomProductCard.swift */ = {isa = PBXFileReference; lastKnownFileType = sourcecode.swift; path = CustomProductCard.swift; sourceTree = "<group>"; };
		B6BF35DD2BE12AC5002A34D1 /* SearchBar.swift */ = {isa = PBXFileReference; lastKnownFileType = sourcecode.swift; path = SearchBar.swift; sourceTree = "<group>"; };
		B6BF35DF2BE16322002A34D1 /* ProductModel.swift */ = {isa = PBXFileReference; lastKnownFileType = sourcecode.swift; path = ProductModel.swift; sourceTree = "<group>"; };
		B6BF35E12BE269D6002A34D1 /* ProductDetailsView.swift */ = {isa = PBXFileReference; lastKnownFileType = sourcecode.swift; path = ProductDetailsView.swift; sourceTree = "<group>"; };
/* End PBXFileReference section */

/* Begin PBXFrameworksBuildPhase section */
		B6BF35572BBF5D99002A34D1 /* Frameworks */ = {
			isa = PBXFrameworksBuildPhase;
			buildActionMask = 2147483647;
			files = (
			);
			runOnlyForDeploymentPostprocessing = 0;
		};
		B6BF35672BBF5D9B002A34D1 /* Frameworks */ = {
			isa = PBXFrameworksBuildPhase;
			buildActionMask = 2147483647;
			files = (
			);
			runOnlyForDeploymentPostprocessing = 0;
		};
		B6BF35712BBF5D9B002A34D1 /* Frameworks */ = {
			isa = PBXFrameworksBuildPhase;
			buildActionMask = 2147483647;
			files = (
			);
			runOnlyForDeploymentPostprocessing = 0;
		};
/* End PBXFrameworksBuildPhase section */

/* Begin PBXGroup section */
		B6BF35512BBF5D99002A34D1 = {
			isa = PBXGroup;
			children = (
				B6BF35CA2BDD1980002A34D1 /* .gitignore */,
				B6BF355C2BBF5D99002A34D1 /* dialdiver */,
				B6BF356D2BBF5D9B002A34D1 /* dialdiverTests */,
				B6BF35772BBF5D9B002A34D1 /* dialdiverUITests */,
				B6BF355B2BBF5D99002A34D1 /* Products */,
			);
			sourceTree = "<group>";
		};
		B6BF355B2BBF5D99002A34D1 /* Products */ = {
			isa = PBXGroup;
			children = (
				B6BF355A2BBF5D99002A34D1 /* dialdiver.app */,
				B6BF356A2BBF5D9B002A34D1 /* dialdiverTests.xctest */,
				B6BF35742BBF5D9B002A34D1 /* dialdiverUITests.xctest */,
			);
			name = Products;
			sourceTree = "<group>";
		};
		B6BF355C2BBF5D99002A34D1 /* dialdiver */ = {
			isa = PBXGroup;
			children = (
				B6BF359D2BC34CBC002A34D1 /* Info.plist */,
				B6BF35AA2BDA83C3002A34D1 /* app */,
				B6BF358F2BC34C13002A34D1 /* ui */,
				B6BF358A2BC2F2C6002A34D1 /* core */,
				B6BF35892BC2F2BD002A34D1 /* components */,
				B6BF35882BC2F2B4002A34D1 /* models */,
				B6BF35872BC2F2A5002A34D1 /* services */,
				B6BF35612BBF5D9A002A34D1 /* Assets.xcassets */,
				B6BF35632BBF5D9A002A34D1 /* Preview Content */,
			);
			path = dialdiver;
			sourceTree = "<group>";
		};
		B6BF35632BBF5D9A002A34D1 /* Preview Content */ = {
			isa = PBXGroup;
			children = (
				B6BF35642BBF5D9A002A34D1 /* Preview Assets.xcassets */,
			);
			path = "Preview Content";
			sourceTree = "<group>";
		};
		B6BF356D2BBF5D9B002A34D1 /* dialdiverTests */ = {
			isa = PBXGroup;
			children = (
				B6BF356E2BBF5D9B002A34D1 /* dialdiverTests.swift */,
			);
			path = dialdiverTests;
			sourceTree = "<group>";
		};
		B6BF35772BBF5D9B002A34D1 /* dialdiverUITests */ = {
			isa = PBXGroup;
			children = (
				B6BF35782BBF5D9B002A34D1 /* dialdiverUITests.swift */,
				B6BF357A2BBF5D9B002A34D1 /* dialdiverUITestsLaunchTests.swift */,
			);
			path = dialdiverUITests;
			sourceTree = "<group>";
		};
		B6BF35872BC2F2A5002A34D1 /* services */ = {
			isa = PBXGroup;
			children = (
				B6BF358B2BC2F2FC002A34D1 /* ApiService.swift */,
			);
			path = services;
			sourceTree = "<group>";
		};
		B6BF35882BC2F2B4002A34D1 /* models */ = {
			isa = PBXGroup;
			children = (
				B6BF358D2BC2F31F002A34D1 /* SomeDataModel.swift */,
				B6BF35C42BDB0EC2002A34D1 /* UserModel.swift */,
				B6BF35D92BE11A2B002A34D1 /* NotificationModel.swift */,
				B6BF35DF2BE16322002A34D1 /* ProductModel.swift */,
			);
			path = models;
			sourceTree = "<group>";
		};
		B6BF35892BC2F2BD002A34D1 /* components */ = {
			isa = PBXGroup;
			children = (
				B6BF35B42BDA873F002A34D1 /* CustomTextField.swift */,
				B6BF35B62BDA8AAD002A34D1 /* CustomButton.swift */,
				B6BF35B82BDA91D0002A34D1 /* HeaderDetails.swift */,
				B6BF35BD2BDB01AA002A34D1 /* SettingsRowView.swift */,
				B6BF35CC2BDD19C1002A34D1 /* BottomNavBar.swift */,
				B6BF35D32BE10CF0002A34D1 /* CustomNotification.swift */,
				B6BF35DB2BE11C49002A34D1 /* CustomProductCard.swift */,
				B6BF35DD2BE12AC5002A34D1 /* SearchBar.swift */,
			);
			path = components;
			sourceTree = "<group>";
		};
		B6BF358A2BC2F2C6002A34D1 /* core */ = {
			isa = PBXGroup;
			children = (
				B6BF35CE2BE01306002A34D1 /* favorites */,
				B6BF35C12BDB0961002A34D1 /* notifications */,
				B6BF35AE2BDA84B3002A34D1 /* home */,
				B6BF35AD2BDA84A9002A34D1 /* profile */,
				B6BF35AC2BDA84A2002A34D1 /* root */,
				B6BF35AB2BDA8486002A34D1 /* auth */,
			);
			path = core;
			sourceTree = "<group>";
		};
		B6BF358F2BC34C13002A34D1 /* ui */ = {
			isa = PBXGroup;
			children = (
				B6BF35D52BE116B1002A34D1 /* shapes */,
				B6BF35902BC34C20002A34D1 /* fonts */,
			);
			path = ui;
			sourceTree = "<group>";
		};
		B6BF35902BC34C20002A34D1 /* fonts */ = {
			isa = PBXGroup;
			children = (
				B6BF35922BC34C86002A34D1 /* ClashDisplayBold.otf */,
				B6BF35942BC34C86002A34D1 /* ClashDisplayExtralight.otf */,
				B6BF35932BC34C86002A34D1 /* ClashDisplayLight.otf */,
				B6BF35952BC34C86002A34D1 /* ClashDisplayMedium.otf */,
				B6BF35912BC34C86002A34D1 /* ClashDisplayRegular.otf */,
				B6BF35962BC34C86002A34D1 /* ClashDisplaySemibold.otf */,
			);
			path = fonts;
			sourceTree = "<group>";
		};
		B6BF35AA2BDA83C3002A34D1 /* app */ = {
			isa = PBXGroup;
			children = (
				B6BF355D2BBF5D99002A34D1 /* dialdiverApp.swift */,
			);
			path = app;
			sourceTree = "<group>";
		};
		B6BF35AB2BDA8486002A34D1 /* auth */ = {
			isa = PBXGroup;
			children = (
				B6BF35C72BDB12A7002A34D1 /* ViewModel */,
				B6BF35C62BDB129F002A34D1 /* View */,
			);
			path = auth;
			sourceTree = "<group>";
		};
		B6BF35AC2BDA84A2002A34D1 /* root */ = {
			isa = PBXGroup;
			children = (
				B6BF355F2BBF5D99002A34D1 /* ContentView.swift */,
			);
			path = root;
			sourceTree = "<group>";
		};
		B6BF35AD2BDA84A9002A34D1 /* profile */ = {
			isa = PBXGroup;
			children = (
				B6BF35BB2BDACAB1002A34D1 /* ProfileView.swift */,
			);
			path = profile;
			sourceTree = "<group>";
		};
		B6BF35AE2BDA84B3002A34D1 /* home */ = {
			isa = PBXGroup;
			children = (
				B6BF35BF2BDB0950002A34D1 /* HomeView.swift */,
				B6BF35E12BE269D6002A34D1 /* ProductDetailsView.swift */,
			);
			path = home;
			sourceTree = "<group>";
		};
		B6BF35C12BDB0961002A34D1 /* notifications */ = {
			isa = PBXGroup;
			children = (
				B6BF35C22BDB0977002A34D1 /* NotificationView.swift */,
			);
			path = notifications;
			sourceTree = "<group>";
		};
		B6BF35C62BDB129F002A34D1 /* View */ = {
			isa = PBXGroup;
			children = (
				B6BF35AF2BDA8543002A34D1 /* LoginView.swift */,
				B6BF35B22BDA8564002A34D1 /* RegisterView.swift */,
			);
			path = View;
			sourceTree = "<group>";
		};
		B6BF35C72BDB12A7002A34D1 /* ViewModel */ = {
			isa = PBXGroup;
			children = (
				B6BF35C82BDB12E0002A34D1 /* AuthViewModel.swift */,
			);
			path = ViewModel;
			sourceTree = "<group>";
		};
		B6BF35CE2BE01306002A34D1 /* favorites */ = {
			isa = PBXGroup;
			children = (
				B6BF35CF2BE01320002A34D1 /* FavoritesView.swift */,
			);
			path = favorites;
			sourceTree = "<group>";
		};
		B6BF35D52BE116B1002A34D1 /* shapes */ = {
			isa = PBXGroup;
			children = (
				B6BF35D62BE116CD002A34D1 /* ShapeLine.swift */,
			);
			path = shapes;
			sourceTree = "<group>";
		};
/* End PBXGroup section */

/* Begin PBXNativeTarget section */
		B6BF35592BBF5D99002A34D1 /* dialdiver */ = {
			isa = PBXNativeTarget;
			buildConfigurationList = B6BF357E2BBF5D9B002A34D1 /* Build configuration list for PBXNativeTarget "dialdiver" */;
			buildPhases = (
				B6BF35562BBF5D99002A34D1 /* Sources */,
				B6BF35572BBF5D99002A34D1 /* Frameworks */,
				B6BF35582BBF5D99002A34D1 /* Resources */,
			);
			buildRules = (
			);
			dependencies = (
			);
			name = dialdiver;
			productName = dialdiver;
			productReference = B6BF355A2BBF5D99002A34D1 /* dialdiver.app */;
			productType = "com.apple.product-type.application";
		};
		B6BF35692BBF5D9B002A34D1 /* dialdiverTests */ = {
			isa = PBXNativeTarget;
			buildConfigurationList = B6BF35812BBF5D9B002A34D1 /* Build configuration list for PBXNativeTarget "dialdiverTests" */;
			buildPhases = (
				B6BF35662BBF5D9B002A34D1 /* Sources */,
				B6BF35672BBF5D9B002A34D1 /* Frameworks */,
				B6BF35682BBF5D9B002A34D1 /* Resources */,
			);
			buildRules = (
			);
			dependencies = (
				B6BF356C2BBF5D9B002A34D1 /* PBXTargetDependency */,
			);
			name = dialdiverTests;
			productName = dialdiverTests;
			productReference = B6BF356A2BBF5D9B002A34D1 /* dialdiverTests.xctest */;
			productType = "com.apple.product-type.bundle.unit-test";
		};
		B6BF35732BBF5D9B002A34D1 /* dialdiverUITests */ = {
			isa = PBXNativeTarget;
			buildConfigurationList = B6BF35842BBF5D9B002A34D1 /* Build configuration list for PBXNativeTarget "dialdiverUITests" */;
			buildPhases = (
				B6BF35702BBF5D9B002A34D1 /* Sources */,
				B6BF35712BBF5D9B002A34D1 /* Frameworks */,
				B6BF35722BBF5D9B002A34D1 /* Resources */,
			);
			buildRules = (
			);
			dependencies = (
				B6BF35762BBF5D9B002A34D1 /* PBXTargetDependency */,
			);
			name = dialdiverUITests;
			productName = dialdiverUITests;
			productReference = B6BF35742BBF5D9B002A34D1 /* dialdiverUITests.xctest */;
			productType = "com.apple.product-type.bundle.ui-testing";
		};
/* End PBXNativeTarget section */

/* Begin PBXProject section */
		B6BF35522BBF5D99002A34D1 /* Project object */ = {
			isa = PBXProject;
			attributes = {
				BuildIndependentTargetsInParallel = 1;
				LastSwiftUpdateCheck = 1510;
				LastUpgradeCheck = 1510;
				TargetAttributes = {
					B6BF35592BBF5D99002A34D1 = {
						CreatedOnToolsVersion = 15.1;
					};
					B6BF35692BBF5D9B002A34D1 = {
						CreatedOnToolsVersion = 15.1;
						TestTargetID = B6BF35592BBF5D99002A34D1;
					};
					B6BF35732BBF5D9B002A34D1 = {
						CreatedOnToolsVersion = 15.1;
						TestTargetID = B6BF35592BBF5D99002A34D1;
					};
				};
			};
			buildConfigurationList = B6BF35552BBF5D99002A34D1 /* Build configuration list for PBXProject "dialdiver" */;
			compatibilityVersion = "Xcode 14.0";
			developmentRegion = en;
			hasScannedForEncodings = 0;
			knownRegions = (
				en,
				Base,
			);
			mainGroup = B6BF35512BBF5D99002A34D1;
			productRefGroup = B6BF355B2BBF5D99002A34D1 /* Products */;
			projectDirPath = "";
			projectRoot = "";
			targets = (
				B6BF35592BBF5D99002A34D1 /* dialdiver */,
				B6BF35692BBF5D9B002A34D1 /* dialdiverTests */,
				B6BF35732BBF5D9B002A34D1 /* dialdiverUITests */,
			);
		};
/* End PBXProject section */

/* Begin PBXResourcesBuildPhase section */
		B6BF35582BBF5D99002A34D1 /* Resources */ = {
			isa = PBXResourcesBuildPhase;
			buildActionMask = 2147483647;
			files = (
				B6BF359A2BC34C86002A34D1 /* ClashDisplayExtralight.otf in Resources */,
				B6BF35992BC34C86002A34D1 /* ClashDisplayLight.otf in Resources */,
				B6BF35652BBF5D9A002A34D1 /* Preview Assets.xcassets in Resources */,
				B6BF35982BC34C86002A34D1 /* ClashDisplayBold.otf in Resources */,
				B6BF35972BC34C86002A34D1 /* ClashDisplayRegular.otf in Resources */,
				B6BF359B2BC34C86002A34D1 /* ClashDisplayMedium.otf in Resources */,
				B6BF35622BBF5D9A002A34D1 /* Assets.xcassets in Resources */,
				B6BF35CB2BDD1980002A34D1 /* .gitignore in Resources */,
				B6BF359C2BC34C86002A34D1 /* ClashDisplaySemibold.otf in Resources */,
			);
			runOnlyForDeploymentPostprocessing = 0;
		};
		B6BF35682BBF5D9B002A34D1 /* Resources */ = {
			isa = PBXResourcesBuildPhase;
			buildActionMask = 2147483647;
			files = (
			);
			runOnlyForDeploymentPostprocessing = 0;
		};
		B6BF35722BBF5D9B002A34D1 /* Resources */ = {
			isa = PBXResourcesBuildPhase;
			buildActionMask = 2147483647;
			files = (
			);
			runOnlyForDeploymentPostprocessing = 0;
		};
/* End PBXResourcesBuildPhase section */

/* Begin PBXSourcesBuildPhase section */
		B6BF35562BBF5D99002A34D1 /* Sources */ = {
			isa = PBXSourcesBuildPhase;
			buildActionMask = 2147483647;
			files = (
				B6BF35B52BDA873F002A34D1 /* CustomTextField.swift in Sources */,
				B6BF35B32BDA8564002A34D1 /* RegisterView.swift in Sources */,
				B6BF35BC2BDACAB1002A34D1 /* ProfileView.swift in Sources */,
				B6BF35C32BDB0977002A34D1 /* NotificationView.swift in Sources */,
				B6BF35DC2BE11C49002A34D1 /* CustomProductCard.swift in Sources */,
				B6BF35E22BE269D6002A34D1 /* ProductDetailsView.swift in Sources */,
				B6BF35B92BDA91D0002A34D1 /* HeaderDetails.swift in Sources */,
				B6BF35C92BDB12E0002A34D1 /* AuthViewModel.swift in Sources */,
				B6BF35602BBF5D99002A34D1 /* ContentView.swift in Sources */,
				B6BF35C52BDB0EC2002A34D1 /* UserModel.swift in Sources */,
				B6BF35DE2BE12AC5002A34D1 /* SearchBar.swift in Sources */,
				B6BF35D72BE116CD002A34D1 /* ShapeLine.swift in Sources */,
				B6BF358E2BC2F31F002A34D1 /* SomeDataModel.swift in Sources */,
				B6BF35D42BE10CF0002A34D1 /* CustomNotification.swift in Sources */,
				B6BF35B72BDA8AAD002A34D1 /* CustomButton.swift in Sources */,
				B6BF35BE2BDB01AA002A34D1 /* SettingsRowView.swift in Sources */,
				B6BF355E2BBF5D99002A34D1 /* dialdiverApp.swift in Sources */,
				B6BF35D02BE01320002A34D1 /* FavoritesView.swift in Sources */,
				B6BF35CD2BDD19C1002A34D1 /* BottomNavBar.swift in Sources */,
				B6BF35E02BE16322002A34D1 /* ProductModel.swift in Sources */,
				B6BF35C02BDB0950002A34D1 /* HomeView.swift in Sources */,
				B6BF35B02BDA8543002A34D1 /* LoginView.swift in Sources */,
				B6BF35DA2BE11A2B002A34D1 /* NotificationModel.swift in Sources */,
				B6BF358C2BC2F2FC002A34D1 /* ApiService.swift in Sources */,
			);
			runOnlyForDeploymentPostprocessing = 0;
		};
		B6BF35662BBF5D9B002A34D1 /* Sources */ = {
			isa = PBXSourcesBuildPhase;
			buildActionMask = 2147483647;
			files = (
				B6BF356F2BBF5D9B002A34D1 /* dialdiverTests.swift in Sources */,
			);
			runOnlyForDeploymentPostprocessing = 0;
		};
		B6BF35702BBF5D9B002A34D1 /* Sources */ = {
			isa = PBXSourcesBuildPhase;
			buildActionMask = 2147483647;
			files = (
				B6BF35792BBF5D9B002A34D1 /* dialdiverUITests.swift in Sources */,
				B6BF357B2BBF5D9B002A34D1 /* dialdiverUITestsLaunchTests.swift in Sources */,
			);
			runOnlyForDeploymentPostprocessing = 0;
		};
/* End PBXSourcesBuildPhase section */

/* Begin PBXTargetDependency section */
		B6BF356C2BBF5D9B002A34D1 /* PBXTargetDependency */ = {
			isa = PBXTargetDependency;
			target = B6BF35592BBF5D99002A34D1 /* dialdiver */;
			targetProxy = B6BF356B2BBF5D9B002A34D1 /* PBXContainerItemProxy */;
		};
		B6BF35762BBF5D9B002A34D1 /* PBXTargetDependency */ = {
			isa = PBXTargetDependency;
			target = B6BF35592BBF5D99002A34D1 /* dialdiver */;
			targetProxy = B6BF35752BBF5D9B002A34D1 /* PBXContainerItemProxy */;
		};
/* End PBXTargetDependency section */

/* Begin XCBuildConfiguration section */
		B6BF357C2BBF5D9B002A34D1 /* Debug */ = {
			isa = XCBuildConfiguration;
			buildSettings = {
				ALWAYS_SEARCH_USER_PATHS = NO;
				ASSETCATALOG_COMPILER_GENERATE_SWIFT_ASSET_SYMBOL_EXTENSIONS = YES;
				CLANG_ANALYZER_NONNULL = YES;
				CLANG_ANALYZER_NUMBER_OBJECT_CONVERSION = YES_AGGRESSIVE;
				CLANG_CXX_LANGUAGE_STANDARD = "gnu++20";
				CLANG_ENABLE_MODULES = YES;
				CLANG_ENABLE_OBJC_ARC = YES;
				CLANG_ENABLE_OBJC_WEAK = YES;
				CLANG_WARN_BLOCK_CAPTURE_AUTORELEASING = YES;
				CLANG_WARN_BOOL_CONVERSION = YES;
				CLANG_WARN_COMMA = YES;
				CLANG_WARN_CONSTANT_CONVERSION = YES;
				CLANG_WARN_DEPRECATED_OBJC_IMPLEMENTATIONS = YES;
				CLANG_WARN_DIRECT_OBJC_ISA_USAGE = YES_ERROR;
				CLANG_WARN_DOCUMENTATION_COMMENTS = YES;
				CLANG_WARN_EMPTY_BODY = YES;
				CLANG_WARN_ENUM_CONVERSION = YES;
				CLANG_WARN_INFINITE_RECURSION = YES;
				CLANG_WARN_INT_CONVERSION = YES;
				CLANG_WARN_NON_LITERAL_NULL_CONVERSION = YES;
				CLANG_WARN_OBJC_IMPLICIT_RETAIN_SELF = YES;
				CLANG_WARN_OBJC_LITERAL_CONVERSION = YES;
				CLANG_WARN_OBJC_ROOT_CLASS = YES_ERROR;
				CLANG_WARN_QUOTED_INCLUDE_IN_FRAMEWORK_HEADER = YES;
				CLANG_WARN_RANGE_LOOP_ANALYSIS = YES;
				CLANG_WARN_STRICT_PROTOTYPES = YES;
				CLANG_WARN_SUSPICIOUS_MOVE = YES;
				CLANG_WARN_UNGUARDED_AVAILABILITY = YES_AGGRESSIVE;
				CLANG_WARN_UNREACHABLE_CODE = YES;
				CLANG_WARN__DUPLICATE_METHOD_MATCH = YES;
				COPY_PHASE_STRIP = NO;
				DEBUG_INFORMATION_FORMAT = dwarf;
				ENABLE_STRICT_OBJC_MSGSEND = YES;
				ENABLE_TESTABILITY = YES;
				ENABLE_USER_SCRIPT_SANDBOXING = YES;
				GCC_C_LANGUAGE_STANDARD = gnu17;
				GCC_DYNAMIC_NO_PIC = NO;
				GCC_NO_COMMON_BLOCKS = YES;
				GCC_OPTIMIZATION_LEVEL = 0;
				GCC_PREPROCESSOR_DEFINITIONS = (
					"DEBUG=1",
					"$(inherited)",
				);
				GCC_WARN_64_TO_32_BIT_CONVERSION = YES;
				GCC_WARN_ABOUT_RETURN_TYPE = YES_ERROR;
				GCC_WARN_UNDECLARED_SELECTOR = YES;
				GCC_WARN_UNINITIALIZED_AUTOS = YES_AGGRESSIVE;
				GCC_WARN_UNUSED_FUNCTION = YES;
				GCC_WARN_UNUSED_VARIABLE = YES;
				IPHONEOS_DEPLOYMENT_TARGET = 17.2;
				LOCALIZATION_PREFERS_STRING_CATALOGS = YES;
				MTL_ENABLE_DEBUG_INFO = INCLUDE_SOURCE;
				MTL_FAST_MATH = YES;
				ONLY_ACTIVE_ARCH = YES;
				SDKROOT = iphoneos;
				SWIFT_ACTIVE_COMPILATION_CONDITIONS = "DEBUG $(inherited)";
				SWIFT_OPTIMIZATION_LEVEL = "-Onone";
			};
			name = Debug;
		};
		B6BF357D2BBF5D9B002A34D1 /* Release */ = {
			isa = XCBuildConfiguration;
			buildSettings = {
				ALWAYS_SEARCH_USER_PATHS = NO;
				ASSETCATALOG_COMPILER_GENERATE_SWIFT_ASSET_SYMBOL_EXTENSIONS = YES;
				CLANG_ANALYZER_NONNULL = YES;
				CLANG_ANALYZER_NUMBER_OBJECT_CONVERSION = YES_AGGRESSIVE;
				CLANG_CXX_LANGUAGE_STANDARD = "gnu++20";
				CLANG_ENABLE_MODULES = YES;
				CLANG_ENABLE_OBJC_ARC = YES;
				CLANG_ENABLE_OBJC_WEAK = YES;
				CLANG_WARN_BLOCK_CAPTURE_AUTORELEASING = YES;
				CLANG_WARN_BOOL_CONVERSION = YES;
				CLANG_WARN_COMMA = YES;
				CLANG_WARN_CONSTANT_CONVERSION = YES;
				CLANG_WARN_DEPRECATED_OBJC_IMPLEMENTATIONS = YES;
				CLANG_WARN_DIRECT_OBJC_ISA_USAGE = YES_ERROR;
				CLANG_WARN_DOCUMENTATION_COMMENTS = YES;
				CLANG_WARN_EMPTY_BODY = YES;
				CLANG_WARN_ENUM_CONVERSION = YES;
				CLANG_WARN_INFINITE_RECURSION = YES;
				CLANG_WARN_INT_CONVERSION = YES;
				CLANG_WARN_NON_LITERAL_NULL_CONVERSION = YES;
				CLANG_WARN_OBJC_IMPLICIT_RETAIN_SELF = YES;
				CLANG_WARN_OBJC_LITERAL_CONVERSION = YES;
				CLANG_WARN_OBJC_ROOT_CLASS = YES_ERROR;
				CLANG_WARN_QUOTED_INCLUDE_IN_FRAMEWORK_HEADER = YES;
				CLANG_WARN_RANGE_LOOP_ANALYSIS = YES;
				CLANG_WARN_STRICT_PROTOTYPES = YES;
				CLANG_WARN_SUSPICIOUS_MOVE = YES;
				CLANG_WARN_UNGUARDED_AVAILABILITY = YES_AGGRESSIVE;
				CLANG_WARN_UNREACHABLE_CODE = YES;
				CLANG_WARN__DUPLICATE_METHOD_MATCH = YES;
				COPY_PHASE_STRIP = NO;
				DEBUG_INFORMATION_FORMAT = "dwarf-with-dsym";
				ENABLE_NS_ASSERTIONS = NO;
				ENABLE_STRICT_OBJC_MSGSEND = YES;
				ENABLE_USER_SCRIPT_SANDBOXING = YES;
				GCC_C_LANGUAGE_STANDARD = gnu17;
				GCC_NO_COMMON_BLOCKS = YES;
				GCC_WARN_64_TO_32_BIT_CONVERSION = YES;
				GCC_WARN_ABOUT_RETURN_TYPE = YES_ERROR;
				GCC_WARN_UNDECLARED_SELECTOR = YES;
				GCC_WARN_UNINITIALIZED_AUTOS = YES_AGGRESSIVE;
				GCC_WARN_UNUSED_FUNCTION = YES;
				GCC_WARN_UNUSED_VARIABLE = YES;
				IPHONEOS_DEPLOYMENT_TARGET = 17.2;
				LOCALIZATION_PREFERS_STRING_CATALOGS = YES;
				MTL_ENABLE_DEBUG_INFO = NO;
				MTL_FAST_MATH = YES;
				SDKROOT = iphoneos;
				SWIFT_COMPILATION_MODE = wholemodule;
				VALIDATE_PRODUCT = YES;
			};
			name = Release;
		};
		B6BF357F2BBF5D9B002A34D1 /* Debug */ = {
			isa = XCBuildConfiguration;
			buildSettings = {
				ASSETCATALOG_COMPILER_APPICON_NAME = AppIcon;
				ASSETCATALOG_COMPILER_GLOBAL_ACCENT_COLOR_NAME = AccentColor;
				CODE_SIGN_STYLE = Automatic;
				CURRENT_PROJECT_VERSION = 1;
				DEVELOPMENT_ASSET_PATHS = "\"dialdiver/Preview Content\"";
				ENABLE_PREVIEWS = YES;
				GENERATE_INFOPLIST_FILE = YES;
				INFOPLIST_FILE = dialdiver/Info.plist;
				INFOPLIST_KEY_UIApplicationSceneManifest_Generation = YES;
				INFOPLIST_KEY_UIApplicationSupportsIndirectInputEvents = YES;
				INFOPLIST_KEY_UILaunchScreen_Generation = YES;
				INFOPLIST_KEY_UISupportedInterfaceOrientations_iPad = "UIInterfaceOrientationPortrait UIInterfaceOrientationPortraitUpsideDown UIInterfaceOrientationLandscapeLeft UIInterfaceOrientationLandscapeRight";
				INFOPLIST_KEY_UISupportedInterfaceOrientations_iPhone = "UIInterfaceOrientationPortrait UIInterfaceOrientationLandscapeLeft UIInterfaceOrientationLandscapeRight";
				LD_RUNPATH_SEARCH_PATHS = (
					"$(inherited)",
					"@executable_path/Frameworks",
				);
				MARKETING_VERSION = 1.0;
				PRODUCT_BUNDLE_IDENTIFIER = com.damyteam.dialdiver;
				PRODUCT_NAME = "$(TARGET_NAME)";
				SWIFT_EMIT_LOC_STRINGS = YES;
				SWIFT_VERSION = 5.0;
				TARGETED_DEVICE_FAMILY = "1,2";
			};
			name = Debug;
		};
		B6BF35802BBF5D9B002A34D1 /* Release */ = {
			isa = XCBuildConfiguration;
			buildSettings = {
				ASSETCATALOG_COMPILER_APPICON_NAME = AppIcon;
				ASSETCATALOG_COMPILER_GLOBAL_ACCENT_COLOR_NAME = AccentColor;
				CODE_SIGN_STYLE = Automatic;
				CURRENT_PROJECT_VERSION = 1;
				DEVELOPMENT_ASSET_PATHS = "\"dialdiver/Preview Content\"";
				ENABLE_PREVIEWS = YES;
				GENERATE_INFOPLIST_FILE = YES;
				INFOPLIST_FILE = dialdiver/Info.plist;
				INFOPLIST_KEY_UIApplicationSceneManifest_Generation = YES;
				INFOPLIST_KEY_UIApplicationSupportsIndirectInputEvents = YES;
				INFOPLIST_KEY_UILaunchScreen_Generation = YES;
				INFOPLIST_KEY_UISupportedInterfaceOrientations_iPad = "UIInterfaceOrientationPortrait UIInterfaceOrientationPortraitUpsideDown UIInterfaceOrientationLandscapeLeft UIInterfaceOrientationLandscapeRight";
				INFOPLIST_KEY_UISupportedInterfaceOrientations_iPhone = "UIInterfaceOrientationPortrait UIInterfaceOrientationLandscapeLeft UIInterfaceOrientationLandscapeRight";
				LD_RUNPATH_SEARCH_PATHS = (
					"$(inherited)",
					"@executable_path/Frameworks",
				);
				MARKETING_VERSION = 1.0;
				PRODUCT_BUNDLE_IDENTIFIER = com.damyteam.dialdiver;
				PRODUCT_NAME = "$(TARGET_NAME)";
				SWIFT_EMIT_LOC_STRINGS = YES;
				SWIFT_VERSION = 5.0;
				TARGETED_DEVICE_FAMILY = "1,2";
			};
			name = Release;
		};
		B6BF35822BBF5D9B002A34D1 /* Debug */ = {
			isa = XCBuildConfiguration;
			buildSettings = {
				ALWAYS_EMBED_SWIFT_STANDARD_LIBRARIES = YES;
				BUNDLE_LOADER = "$(TEST_HOST)";
				CODE_SIGN_STYLE = Automatic;
				CURRENT_PROJECT_VERSION = 1;
				GENERATE_INFOPLIST_FILE = YES;
				IPHONEOS_DEPLOYMENT_TARGET = 17.2;
				MARKETING_VERSION = 1.0;
				PRODUCT_BUNDLE_IDENTIFIER = com.damyteam.dialdiverTests;
				PRODUCT_NAME = "$(TARGET_NAME)";
				SWIFT_EMIT_LOC_STRINGS = NO;
				SWIFT_VERSION = 5.0;
				TARGETED_DEVICE_FAMILY = "1,2";
				TEST_HOST = "$(BUILT_PRODUCTS_DIR)/dialdiver.app/$(BUNDLE_EXECUTABLE_FOLDER_PATH)/dialdiver";
			};
			name = Debug;
		};
		B6BF35832BBF5D9B002A34D1 /* Release */ = {
			isa = XCBuildConfiguration;
			buildSettings = {
				ALWAYS_EMBED_SWIFT_STANDARD_LIBRARIES = YES;
				BUNDLE_LOADER = "$(TEST_HOST)";
				CODE_SIGN_STYLE = Automatic;
				CURRENT_PROJECT_VERSION = 1;
				GENERATE_INFOPLIST_FILE = YES;
				IPHONEOS_DEPLOYMENT_TARGET = 17.2;
				MARKETING_VERSION = 1.0;
				PRODUCT_BUNDLE_IDENTIFIER = com.damyteam.dialdiverTests;
				PRODUCT_NAME = "$(TARGET_NAME)";
				SWIFT_EMIT_LOC_STRINGS = NO;
				SWIFT_VERSION = 5.0;
				TARGETED_DEVICE_FAMILY = "1,2";
				TEST_HOST = "$(BUILT_PRODUCTS_DIR)/dialdiver.app/$(BUNDLE_EXECUTABLE_FOLDER_PATH)/dialdiver";
			};
			name = Release;
		};
		B6BF35852BBF5D9B002A34D1 /* Debug */ = {
			isa = XCBuildConfiguration;
			buildSettings = {
				ALWAYS_EMBED_SWIFT_STANDARD_LIBRARIES = YES;
				CODE_SIGN_STYLE = Automatic;
				CURRENT_PROJECT_VERSION = 1;
				GENERATE_INFOPLIST_FILE = YES;
				MARKETING_VERSION = 1.0;
				PRODUCT_BUNDLE_IDENTIFIER = com.damyteam.dialdiverUITests;
				PRODUCT_NAME = "$(TARGET_NAME)";
				SWIFT_EMIT_LOC_STRINGS = NO;
				SWIFT_VERSION = 5.0;
				TARGETED_DEVICE_FAMILY = "1,2";
				TEST_TARGET_NAME = dialdiver;
			};
			name = Debug;
		};
		B6BF35862BBF5D9B002A34D1 /* Release */ = {
			isa = XCBuildConfiguration;
			buildSettings = {
				ALWAYS_EMBED_SWIFT_STANDARD_LIBRARIES = YES;
				CODE_SIGN_STYLE = Automatic;
				CURRENT_PROJECT_VERSION = 1;
				GENERATE_INFOPLIST_FILE = YES;
				MARKETING_VERSION = 1.0;
				PRODUCT_BUNDLE_IDENTIFIER = com.damyteam.dialdiverUITests;
				PRODUCT_NAME = "$(TARGET_NAME)";
				SWIFT_EMIT_LOC_STRINGS = NO;
				SWIFT_VERSION = 5.0;
				TARGETED_DEVICE_FAMILY = "1,2";
				TEST_TARGET_NAME = dialdiver;
			};
			name = Release;
		};
/* End XCBuildConfiguration section */

/* Begin XCConfigurationList section */
		B6BF35552BBF5D99002A34D1 /* Build configuration list for PBXProject "dialdiver" */ = {
			isa = XCConfigurationList;
			buildConfigurations = (
				B6BF357C2BBF5D9B002A34D1 /* Debug */,
				B6BF357D2BBF5D9B002A34D1 /* Release */,
			);
			defaultConfigurationIsVisible = 0;
			defaultConfigurationName = Release;
		};
		B6BF357E2BBF5D9B002A34D1 /* Build configuration list for PBXNativeTarget "dialdiver" */ = {
			isa = XCConfigurationList;
			buildConfigurations = (
				B6BF357F2BBF5D9B002A34D1 /* Debug */,
				B6BF35802BBF5D9B002A34D1 /* Release */,
			);
			defaultConfigurationIsVisible = 0;
			defaultConfigurationName = Release;
		};
		B6BF35812BBF5D9B002A34D1 /* Build configuration list for PBXNativeTarget "dialdiverTests" */ = {
			isa = XCConfigurationList;
			buildConfigurations = (
				B6BF35822BBF5D9B002A34D1 /* Debug */,
				B6BF35832BBF5D9B002A34D1 /* Release */,
			);
			defaultConfigurationIsVisible = 0;
			defaultConfigurationName = Release;
		};
		B6BF35842BBF5D9B002A34D1 /* Build configuration list for PBXNativeTarget "dialdiverUITests" */ = {
			isa = XCConfigurationList;
			buildConfigurations = (
				B6BF35852BBF5D9B002A34D1 /* Debug */,
				B6BF35862BBF5D9B002A34D1 /* Release */,
			);
			defaultConfigurationIsVisible = 0;
			defaultConfigurationName = Release;
		};
/* End XCConfigurationList section */
	};
	rootObject = B6BF35522BBF5D99002A34D1 /* Project object */;
}
